Microsoft Visual Studio Solution File, Format Version 12.00
# Visual Studio Version 17
VisualStudioVersion = 17.5.2.0
MinimumVisualStudioVersion = 10.0.40219.1
Project("{FAE04EC0-301F-11D3-BF4B-00C04F79EFBC}") = "Uranium", "Uranium.csproj", "{15BFBA65-9FA0-F9A6-7C8B-6CF398F66453}"
EndProject
Global
	GlobalSection(SolutionConfigurationPlatforms) = preSolution
		Debug|Any CPU = Debug|Any CPU
		Release|Any CPU = Release|Any CPU
	EndGlobalSection
	GlobalSection(ProjectConfigurationPlatforms) = postSolution
		{15BFBA65-9FA0-F9A6-7C8B-6CF398F66453}.Debug|Any CPU.ActiveCfg = Debug|Any CPU
		{15BFBA65-9FA0-F9A6-7C8B-6CF398F66453}.Debug|Any CPU.Build.0 = Debug|Any CPU
		{15BFBA65-9FA0-F9A6-7C8B-6CF398F66453}.Release|Any CPU.ActiveCfg = Release|Any CPU
		{15BFBA65-9FA0-F9A6-7C8B-6CF398F66453}.Release|Any CPU.Build.0 = Release|Any CPU
	EndGlobalSection
	GlobalSection(SolutionProperties) = preSolution
		HideSolutionNode = FALSE
	EndGlobalSection
	GlobalSection(ExtensibilityGlobals) = postSolution
		SolutionGuid = {BB3CF8E2-389A-437E-B2EB-2C8DD1DBB32B}
	EndGlobalSection
EndGlobal
